
Microsoft Visual Studio Solution File, Format Version 12.00
# Visual Studio 15
VisualStudioVersion = 15.0.26124.0
MinimumVisualStudioVersion = 15.0.26124.0
Project("{FAE04EC0-301F-11D3-BF4B-00C04F79EFBC}") = "application", "Api.Application\application.csproj", "{E2EC1008-9665-43A8-9B34-303C25620EE8}"
EndProject
Project("{FAE04EC0-301F-11D3-BF4B-00C04F79EFBC}") = "Domain", "Api.Domain\Domain.csproj", "{9126F15C-670E-4434-AFAD-A353DE4D9CDA}"
EndProject
Project("{FAE04EC0-301F-11D3-BF4B-00C04F79EFBC}") = "CrossCutting", "Api.CrossCutting\CrossCutting.csproj", "{6A1A7D0F-5F43-4E8F-B6A8-B8B226C14C3F}"
EndProject
Project("{FAE04EC0-301F-11D3-BF4B-00C04F79EFBC}") = "Data", "Api.Data\Data.csproj", "{90CBE811-C27A-4D91-A43F-DC7419DFACA2}"
EndProject
Project("{FAE04EC0-301F-11D3-BF4B-00C04F79EFBC}") = "Service", "Api.Service\Service.csproj", "{121F5405-3B5D-4A50-8869-1A6F97A6DDA7}"
EndProject
Global
	GlobalSection(SolutionConfigurationPlatforms) = preSolution
		Debug|Any CPU = Debug|Any CPU
		Debug|x64 = Debug|x64
		Debug|x86 = Debug|x86
		Release|Any CPU = Release|Any CPU
		Release|x64 = Release|x64
		Release|x86 = Release|x86
	EndGlobalSection
	GlobalSection(SolutionProperties) = preSolution
		HideSolutionNode = FALSE
	EndGlobalSection
	GlobalSection(ProjectConfigurationPlatforms) = postSolution
		{E2EC1008-9665-43A8-9B34-303C25620EE8}.Debug|Any CPU.ActiveCfg = Debug|Any CPU
		{E2EC1008-9665-43A8-9B34-303C25620EE8}.Debug|Any CPU.Build.0 = Debug|Any CPU
		{E2EC1008-9665-43A8-9B34-303C25620EE8}.Debug|x64.ActiveCfg = Debug|Any CPU
		{E2EC1008-9665-43A8-9B34-303C25620EE8}.Debug|x64.Build.0 = Debug|Any CPU
		{E2EC1008-9665-43A8-9B34-303C25620EE8}.Debug|x86.ActiveCfg = Debug|Any CPU
		{E2EC1008-9665-43A8-9B34-303C25620EE8}.Debug|x86.Build.0 = Debug|Any CPU
		{E2EC1008-9665-43A8-9B34-303C25620EE8}.Release|Any CPU.ActiveCfg = Release|Any CPU
		{E2EC1008-9665-43A8-9B34-303C25620EE8}.Release|Any CPU.Build.0 = Release|Any CPU
		{E2EC1008-9665-43A8-9B34-303C25620EE8}.Release|x64.ActiveCfg = Release|Any CPU
		{E2EC1008-9665-43A8-9B34-303C25620EE8}.Release|x64.Build.0 = Release|Any CPU
		{E2EC1008-9665-43A8-9B34-303C25620EE8}.Release|x86.ActiveCfg = Release|Any CPU
		{E2EC1008-9665-43A8-9B34-303C25620EE8}.Release|x86.Build.0 = Release|Any CPU
		{9126F15C-670E-4434-AFAD-A353DE4D9CDA}.Debug|Any CPU.ActiveCfg = Debug|Any CPU
		{9126F15C-670E-4434-AFAD-A353DE4D9CDA}.Debug|Any CPU.Build.0 = Debug|Any CPU
		{9126F15C-670E-4434-AFAD-A353DE4D9CDA}.Debug|x64.ActiveCfg = Debug|Any CPU
		{9126F15C-670E-4434-AFAD-A353DE4D9CDA}.Debug|x64.Build.0 = Debug|Any CPU
		{9126F15C-670E-4434-AFAD-A353DE4D9CDA}.Debug|x86.ActiveCfg = Debug|Any CPU
		{9126F15C-670E-4434-AFAD-A353DE4D9CDA}.Debug|x86.Build.0 = Debug|Any CPU
		{9126F15C-670E-4434-AFAD-A353DE4D9CDA}.Release|Any CPU.ActiveCfg = Release|Any CPU
		{9126F15C-670E-4434-AFAD-A353DE4D9CDA}.Release|Any CPU.Build.0 = Release|Any CPU
		{9126F15C-670E-4434-AFAD-A353DE4D9CDA}.Release|x64.ActiveCfg = Release|Any CPU
		{9126F15C-670E-4434-AFAD-A353DE4D9CDA}.Release|x64.Build.0 = Release|Any CPU
		{9126F15C-670E-4434-AFAD-A353DE4D9CDA}.Release|x86.ActiveCfg = Release|Any CPU
		{9126F15C-670E-4434-AFAD-A353DE4D9CDA}.Release|x86.Build.0 = Release|Any CPU
		{6A1A7D0F-5F43-4E8F-B6A8-B8B226C14C3F}.Debug|Any CPU.ActiveCfg = Debug|Any CPU
		{6A1A7D0F-5F43-4E8F-B6A8-B8B226C14C3F}.Debug|Any CPU.Build.0 = Debug|Any CPU
		{6A1A7D0F-5F43-4E8F-B6A8-B8B226C14C3F}.Debug|x64.ActiveCfg = Debug|Any CPU
		{6A1A7D0F-5F43-4E8F-B6A8-B8B226C14C3F}.Debug|x64.Build.0 = Debug|Any CPU
		{6A1A7D0F-5F43-4E8F-B6A8-B8B226C14C3F}.Debug|x86.ActiveCfg = Debug|Any CPU
		{6A1A7D0F-5F43-4E8F-B6A8-B8B226C14C3F}.Debug|x86.Build.0 = Debug|Any CPU
		{6A1A7D0F-5F43-4E8F-B6A8-B8B226C14C3F}.Release|Any CPU.ActiveCfg = Release|Any CPU
		{6A1A7D0F-5F43-4E8F-B6A8-B8B226C14C3F}.Release|Any CPU.Build.0 = Release|Any CPU
		{6A1A7D0F-5F43-4E8F-B6A8-B8B226C14C3F}.Release|x64.ActiveCfg = Release|Any CPU
		{6A1A7D0F-5F43-4E8F-B6A8-B8B226C14C3F}.Release|x64.Build.0 = Release|Any CPU
		{6A1A7D0F-5F43-4E8F-B6A8-B8B226C14C3F}.Release|x86.ActiveCfg = Release|Any CPU
		{6A1A7D0F-5F43-4E8F-B6A8-B8B226C14C3F}.Release|x86.Build.0 = Release|Any CPU
		{90CBE811-C27A-4D91-A43F-DC7419DFACA2}.Debug|Any CPU.ActiveCfg = Debug|Any CPU
		{90CBE811-C27A-4D91-A43F-DC7419DFACA2}.Debug|Any CPU.Build.0 = Debug|Any CPU
		{90CBE811-C27A-4D91-A43F-DC7419DFACA2}.Debug|x64.ActiveCfg = Debug|Any CPU
		{90CBE811-C27A-4D91-A43F-DC7419DFACA2}.Debug|x64.Build.0 = Debug|Any CPU
		{90CBE811-C27A-4D91-A43F-DC7419DFACA2}.Debug|x86.ActiveCfg = Debug|Any CPU
		{90CBE811-C27A-4D91-A43F-DC7419DFACA2}.Debug|x86.Build.0 = Debug|Any CPU
		{90CBE811-C27A-4D91-A43F-DC7419DFACA2}.Release|Any CPU.ActiveCfg = Release|Any CPU
		{90CBE811-C27A-4D91-A43F-DC7419DFACA2}.Release|Any CPU.Build.0 = Release|Any CPU
		{90CBE811-C27A-4D91-A43F-DC7419DFACA2}.Release|x64.ActiveCfg = Release|Any CPU
		{90CBE811-C27A-4D91-A43F-DC7419DFACA2}.Release|x64.Build.0 = Release|Any CPU
		{90CBE811-C27A-4D91-A43F-DC7419DFACA2}.Release|x86.ActiveCfg = Release|Any CPU
		{90CBE811-C27A-4D91-A43F-DC7419DFACA2}.Release|x86.Build.0 = Release|Any CPU
		{121F5405-3B5D-4A50-8869-1A6F97A6DDA7}.Debug|Any CPU.ActiveCfg = Debug|Any CPU
		{121F5405-3B5D-4A50-8869-1A6F97A6DDA7}.Debug|Any CPU.Build.0 = Debug|Any CPU
		{121F5405-3B5D-4A50-8869-1A6F97A6DDA7}.Debug|x64.ActiveCfg = Debug|Any CPU
		{121F5405-3B5D-4A50-8869-1A6F97A6DDA7}.Debug|x64.Build.0 = Debug|Any CPU
		{121F5405-3B5D-4A50-8869-1A6F97A6DDA7}.Debug|x86.ActiveCfg = Debug|Any CPU
		{121F5405-3B5D-4A50-8869-1A6F97A6DDA7}.Debug|x86.Build.0 = Debug|Any CPU
		{121F5405-3B5D-4A50-8869-1A6F97A6DDA7}.Release|Any CPU.ActiveCfg = Release|Any CPU
		{121F5405-3B5D-4A50-8869-1A6F97A6DDA7}.Release|Any CPU.Build.0 = Release|Any CPU
		{121F5405-3B5D-4A50-8869-1A6F97A6DDA7}.Release|x64.ActiveCfg = Release|Any CPU
		{121F5405-3B5D-4A50-8869-1A6F97A6DDA7}.Release|x64.Build.0 = Release|Any CPU
		{121F5405-3B5D-4A50-8869-1A6F97A6DDA7}.Release|x86.ActiveCfg = Release|Any CPU
		{121F5405-3B5D-4A50-8869-1A6F97A6DDA7}.Release|x86.Build.0 = Release|Any CPU
	EndGlobalSection
EndGlobal
